
Microsoft Visual Studio Solution File, Format Version 12.00
# Visual Studio 15
VisualStudioVersion = 15.0.28010.2036
MinimumVisualStudioVersion = 10.0.40219.1
Project("{FAE04EC0-301F-11D3-BF4B-00C04F79EFBC}") = "PCKontrolAndroid.Android", "PCKontrolAndroid\PCKontrolAndroid.Android\PCKontrolAndroid.Android.csproj", "{B377AD38-CCA3-42C5-A4E5-6382E81F37FC}"
EndProject
Project("{FAE04EC0-301F-11D3-BF4B-00C04F79EFBC}") = "PCKontrolAndroid", "PCKontrolAndroid\PCKontrolAndroid\PCKontrolAndroid.csproj", "{55696AC3-2809-4C88-B2D4-D3F9B45750B7}"
EndProject
Global
	GlobalSection(SolutionConfigurationPlatforms) = preSolution
		Debug|Any CPU = Debug|Any CPU
		Release|Any CPU = Release|Any CPU
	EndGlobalSection
	GlobalSection(ProjectConfigurationPlatforms) = postSolution
		{B377AD38-CCA3-42C5-A4E5-6382E81F37FC}.Debug|Any CPU.ActiveCfg = Debug|Any CPU
		{B377AD38-CCA3-42C5-A4E5-6382E81F37FC}.Debug|Any CPU.Build.0 = Debug|Any CPU
		{B377AD38-CCA3-42C5-A4E5-6382E81F37FC}.Debug|Any CPU.Deploy.0 = Debug|Any CPU
		{B377AD38-CCA3-42C5-A4E5-6382E81F37FC}.Release|Any CPU.ActiveCfg = Release|Any CPU
		{B377AD38-CCA3-42C5-A4E5-6382E81F37FC}.Release|Any CPU.Build.0 = Release|Any CPU
		{B377AD38-CCA3-42C5-A4E5-6382E81F37FC}.Release|Any CPU.Deploy.0 = Release|Any CPU
		{55696AC3-2809-4C88-B2D4-D3F9B45750B7}.Debug|Any CPU.ActiveCfg = Debug|Any CPU
		{55696AC3-2809-4C88-B2D4-D3F9B45750B7}.Debug|Any CPU.Build.0 = Debug|Any CPU
		{55696AC3-2809-4C88-B2D4-D3F9B45750B7}.Release|Any CPU.ActiveCfg = Release|Any CPU
		{55696AC3-2809-4C88-B2D4-D3F9B45750B7}.Release|Any CPU.Build.0 = Release|Any CPU
	EndGlobalSection
	GlobalSection(SolutionProperties) = preSolution
		HideSolutionNode = FALSE
	EndGlobalSection
	GlobalSection(ExtensibilityGlobals) = postSolution
		SolutionGuid = {50118C1E-49AF-4B64-8C54-0A630D0734E7}
	EndGlobalSection
EndGlobal
